
Microsoft Visual Studio Solution File, Format Version 12.00
# Visual Studio 15
VisualStudioVersion = 15.0.27703.2047
MinimumVisualStudioVersion = 10.0.40219.1
Project("{FAE04EC0-301F-11D3-BF4B-00C04F79EFBC}") = "AppCSHtml5", "AppCSHtml5\AppCSHtml5.csproj", "{10068A84-2B30-4573-B541-27B9A6ECC992}"
EndProject
Project("{FAE04EC0-301F-11D3-BF4B-00C04F79EFBC}") = "NetTools", "NetTools\NetTools.csproj", "{5A9484FA-3316-4E96-9EAB-95AC997B40DA}"
EndProject
Project("{FAE04EC0-301F-11D3-BF4B-00C04F79EFBC}") = "Presentation", "Presentation\Presentation.csproj", "{C067B9B7-A2DE-45F9-AF05-BEB0A5E70BEF}"
EndProject
Project("{FAE04EC0-301F-11D3-BF4B-00C04F79EFBC}") = "SmallArgon2d", "SmallArgon2d\SmallArgon2d.csproj", "{60FAF97D-1086-4753-9FA8-4D736B31D8B2}"
EndProject
Global
	GlobalSection(SolutionConfigurationPlatforms) = preSolution
		Debug|Any CPU = Debug|Any CPU
		Release|Any CPU = Release|Any CPU
	EndGlobalSection
	GlobalSection(ProjectConfigurationPlatforms) = postSolution
		{10068A84-2B30-4573-B541-27B9A6ECC992}.Debug|Any CPU.ActiveCfg = Debug|Any CPU
		{10068A84-2B30-4573-B541-27B9A6ECC992}.Debug|Any CPU.Build.0 = Debug|Any CPU
		{10068A84-2B30-4573-B541-27B9A6ECC992}.Release|Any CPU.ActiveCfg = Release|Any CPU
		{10068A84-2B30-4573-B541-27B9A6ECC992}.Release|Any CPU.Build.0 = Release|Any CPU
		{5A9484FA-3316-4E96-9EAB-95AC997B40DA}.Debug|Any CPU.ActiveCfg = Debug|Any CPU
		{5A9484FA-3316-4E96-9EAB-95AC997B40DA}.Debug|Any CPU.Build.0 = Debug|Any CPU
		{5A9484FA-3316-4E96-9EAB-95AC997B40DA}.Release|Any CPU.ActiveCfg = Release|Any CPU
		{5A9484FA-3316-4E96-9EAB-95AC997B40DA}.Release|Any CPU.Build.0 = Release|Any CPU
		{C067B9B7-A2DE-45F9-AF05-BEB0A5E70BEF}.Debug|Any CPU.ActiveCfg = Debug|Any CPU
		{C067B9B7-A2DE-45F9-AF05-BEB0A5E70BEF}.Debug|Any CPU.Build.0 = Debug|Any CPU
		{C067B9B7-A2DE-45F9-AF05-BEB0A5E70BEF}.Release|Any CPU.ActiveCfg = Release|Any CPU
		{C067B9B7-A2DE-45F9-AF05-BEB0A5E70BEF}.Release|Any CPU.Build.0 = Release|Any CPU
		{60FAF97D-1086-4753-9FA8-4D736B31D8B2}.Debug|Any CPU.ActiveCfg = Debug|Any CPU
		{60FAF97D-1086-4753-9FA8-4D736B31D8B2}.Debug|Any CPU.Build.0 = Debug|Any CPU
		{60FAF97D-1086-4753-9FA8-4D736B31D8B2}.Release|Any CPU.ActiveCfg = Release|Any CPU
		{60FAF97D-1086-4753-9FA8-4D736B31D8B2}.Release|Any CPU.Build.0 = Release|Any CPU
	EndGlobalSection
	GlobalSection(SolutionProperties) = preSolution
		HideSolutionNode = FALSE
	EndGlobalSection
	GlobalSection(ExtensibilityGlobals) = postSolution
		SolutionGuid = {94BA436F-6AFB-41F6-BF81-7B969E82E8CC}
	EndGlobalSection
EndGlobal
