
Microsoft Visual Studio Solution File, Format Version 12.00
# Visual Studio 15
VisualStudioVersion = 15.0.27703.2047
MinimumVisualStudioVersion = 10.0.40219.1
Project("{FAE04EC0-301F-11D3-BF4B-00C04F79EFBC}") = "WristManager", "WristManager\WristManager.csproj", "{41152F61-16B2-4B58-A2C9-6FBC925702B5}"
EndProject
Project("{FAE04EC0-301F-11D3-BF4B-00C04F79EFBC}") = "WristConsole", "WristConsole\WristConsole.csproj", "{81AAD24F-EC05-47E5-9CF8-451BE6611DEB}"
EndProject
Project("{FAE04EC0-301F-11D3-BF4B-00C04F79EFBC}") = "ExtractXmlTypes", "ExtractXmlTypes\ExtractXmlTypes.csproj", "{A93BF28D-3D0B-45C9-864A-981553C0B484}"
EndProject
Project("{FAE04EC0-301F-11D3-BF4B-00C04F79EFBC}") = "XmlnsTest", "XmlnsTest\XmlnsTest.csproj", "{55D50E72-9125-4A7D-B7C6-B1EC7E6F93C1}"
EndProject
Project("{FAE04EC0-301F-11D3-BF4B-00C04F79EFBC}") = "Parser", "Parser\Parser.csproj", "{B7E772C7-3968-4D93-8667-6605A7B5B6B8}"
EndProject
Global
	GlobalSection(SolutionConfigurationPlatforms) = preSolution
		Debug|x64 = Debug|x64
		Release|x64 = Release|x64
	EndGlobalSection
	GlobalSection(ProjectConfigurationPlatforms) = postSolution
		{41152F61-16B2-4B58-A2C9-6FBC925702B5}.Debug|x64.ActiveCfg = Debug|x64
		{41152F61-16B2-4B58-A2C9-6FBC925702B5}.Debug|x64.Build.0 = Debug|x64
		{41152F61-16B2-4B58-A2C9-6FBC925702B5}.Release|x64.ActiveCfg = Release|x64
		{41152F61-16B2-4B58-A2C9-6FBC925702B5}.Release|x64.Build.0 = Release|x64
		{81AAD24F-EC05-47E5-9CF8-451BE6611DEB}.Debug|x64.ActiveCfg = Debug|x64
		{81AAD24F-EC05-47E5-9CF8-451BE6611DEB}.Debug|x64.Build.0 = Debug|x64
		{81AAD24F-EC05-47E5-9CF8-451BE6611DEB}.Release|x64.ActiveCfg = Release|x64
		{81AAD24F-EC05-47E5-9CF8-451BE6611DEB}.Release|x64.Build.0 = Release|x64
		{A93BF28D-3D0B-45C9-864A-981553C0B484}.Debug|x64.ActiveCfg = Debug|x64
		{A93BF28D-3D0B-45C9-864A-981553C0B484}.Debug|x64.Build.0 = Debug|x64
		{A93BF28D-3D0B-45C9-864A-981553C0B484}.Release|x64.ActiveCfg = Release|x64
		{A93BF28D-3D0B-45C9-864A-981553C0B484}.Release|x64.Build.0 = Release|x64
		{55D50E72-9125-4A7D-B7C6-B1EC7E6F93C1}.Debug|x64.ActiveCfg = Debug|x64
		{55D50E72-9125-4A7D-B7C6-B1EC7E6F93C1}.Debug|x64.Build.0 = Debug|x64
		{55D50E72-9125-4A7D-B7C6-B1EC7E6F93C1}.Release|x64.ActiveCfg = Release|x64
		{55D50E72-9125-4A7D-B7C6-B1EC7E6F93C1}.Release|x64.Build.0 = Release|x64
		{B7E772C7-3968-4D93-8667-6605A7B5B6B8}.Debug|x64.ActiveCfg = Debug|x64
		{B7E772C7-3968-4D93-8667-6605A7B5B6B8}.Debug|x64.Build.0 = Debug|x64
		{B7E772C7-3968-4D93-8667-6605A7B5B6B8}.Release|x64.ActiveCfg = Release|x64
		{B7E772C7-3968-4D93-8667-6605A7B5B6B8}.Release|x64.Build.0 = Release|x64
	EndGlobalSection
	GlobalSection(SolutionProperties) = preSolution
		HideSolutionNode = FALSE
	EndGlobalSection
	GlobalSection(ExtensibilityGlobals) = postSolution
		SolutionGuid = {909FEE4B-1A4A-4285-9D7C-16C0C65A80BC}
	EndGlobalSection
EndGlobal
